
Microsoft Visual Studio Solution File, Format Version 12.00
# Visual Studio Version 17
VisualStudioVersion = 17.9.34723.18
MinimumVisualStudioVersion = 10.0.40219.1
Project("{F184B08F-C81C-45F6-A57F-5ABD9991F28F}") = "WinFormsApp1", "WinFormsApp1.vbproj", "{AD19F8F0-7A93-420F-9EC8-5622109B66BF}"
EndProject
Global
	GlobalSection(SolutionConfigurationPlatforms) = preSolution
		Debug|Any CPU = Debug|Any CPU
		Release|Any CPU = Release|Any CPU
	EndGlobalSection
	GlobalSection(ProjectConfigurationPlatforms) = postSolution
		{AD19F8F0-7A93-420F-9EC8-5622109B66BF}.Debug|Any CPU.ActiveCfg = Debug|Any CPU
		{AD19F8F0-7A93-420F-9EC8-5622109B66BF}.Debug|Any CPU.Build.0 = Debug|Any CPU
		{AD19F8F0-7A93-420F-9EC8-5622109B66BF}.Release|Any CPU.ActiveCfg = Release|Any CPU
		{AD19F8F0-7A93-420F-9EC8-5622109B66BF}.Release|Any CPU.Build.0 = Release|Any CPU
	EndGlobalSection
	GlobalSection(SolutionProperties) = preSolution
		HideSolutionNode = FALSE
	EndGlobalSection
	GlobalSection(ExtensibilityGlobals) = postSolution
		SolutionGuid = {A63391F4-ED7A-4B91-84D9-640E3333F55A}
	EndGlobalSection
EndGlobal
