Imports System.Collections.Generic
Public Class Form1
    Private products As New Dictionary(Of String, Decimal)()

    Private Sub Form1_Load(sender As Object, e As EventArgs) Handles MyBase.Load
 
        products.Add("Products type A", 10.0)
        products.Add("Products type B", 15.0)

  
        For Each product In products.Keys
            lstSelectProduct.Items.Add(product)
        Next
    End Sub

    Private Sub ButtonAddToOrder_Click(sender As Object, e As EventArgs) Handles btnAddToOrder.Click
        Dim selectedProduct As String = lstSelectProduct.SelectedItem.ToString()
        Dim quantity As Integer = CInt(NumericUpDown1.Value)

        If products.ContainsKey(selectedProduct) Then
            Dim price As Decimal = products(selectedProduct)
            Dim totalPrice As Decimal = price * quantity

       
            lblOrderSummary.Text = $"Added: {selectedProduct}  <Qty: {quantity}>  Total Price: ${totalPrice:F2}"

        Else
            MessageBox.Show("Please select a valid product.")
        End If
    End Sub
End Class

